
Microsoft Visual Studio Solution File, Format Version 12.00
# Visual Studio Version 17
VisualStudioVersion = 17.5.002.0
MinimumVisualStudioVersion = 10.0.40219.1
Project("{9A19103F-16F7-4668-BE54-9A1E7A4F7556}") = "HepsiNerede.WebApp", "HepsiNerede.WebApp\HepsiNerede.WebApp.csproj", "{5A3E6970-F210-40D6-BD56-C2C45E92EF13}"
EndProject
Project("{9A19103F-16F7-4668-BE54-9A1E7A4F7556}") = "HepsiNerede.Tests", "HepsiNerede.Tests\HepsiNerede.Tests.csproj", "{B4C58F08-3746-45CC-ABFB-A769BCA72DB7}"
EndProject
Project("{FAE04EC0-301F-11D3-BF4B-00C04F79EFBC}") = "HepsiNerede.Data", "HepsiNerede.Data\HepsiNerede.Data.csproj", "{6584B7EB-F2A1-4087-99CD-6C2CD9FDF3A0}"
EndProject
Project("{FAE04EC0-301F-11D3-BF4B-00C04F79EFBC}") = "HepsiNerede.Services", "HepsiNerede.Services\HepsiNerede.Services.csproj", "{440D3A32-DCB5-47EE-B546-0B7DF60C14CA}"
EndProject
Global
	GlobalSection(SolutionConfigurationPlatforms) = preSolution
		Debug|Any CPU = Debug|Any CPU
		Release|Any CPU = Release|Any CPU
	EndGlobalSection
	GlobalSection(ProjectConfigurationPlatforms) = postSolution
		{5A3E6970-F210-40D6-BD56-C2C45E92EF13}.Debug|Any CPU.ActiveCfg = Debug|Any CPU
		{5A3E6970-F210-40D6-BD56-C2C45E92EF13}.Debug|Any CPU.Build.0 = Debug|Any CPU
		{5A3E6970-F210-40D6-BD56-C2C45E92EF13}.Release|Any CPU.ActiveCfg = Release|Any CPU
		{5A3E6970-F210-40D6-BD56-C2C45E92EF13}.Release|Any CPU.Build.0 = Release|Any CPU
		{B4C58F08-3746-45CC-ABFB-A769BCA72DB7}.Debug|Any CPU.ActiveCfg = Debug|Any CPU
		{B4C58F08-3746-45CC-ABFB-A769BCA72DB7}.Debug|Any CPU.Build.0 = Debug|Any CPU
		{B4C58F08-3746-45CC-ABFB-A769BCA72DB7}.Release|Any CPU.ActiveCfg = Release|Any CPU
		{B4C58F08-3746-45CC-ABFB-A769BCA72DB7}.Release|Any CPU.Build.0 = Release|Any CPU
		{6584B7EB-F2A1-4087-99CD-6C2CD9FDF3A0}.Debug|Any CPU.ActiveCfg = Debug|Any CPU
		{6584B7EB-F2A1-4087-99CD-6C2CD9FDF3A0}.Debug|Any CPU.Build.0 = Debug|Any CPU
		{6584B7EB-F2A1-4087-99CD-6C2CD9FDF3A0}.Release|Any CPU.ActiveCfg = Release|Any CPU
		{6584B7EB-F2A1-4087-99CD-6C2CD9FDF3A0}.Release|Any CPU.Build.0 = Release|Any CPU
		{440D3A32-DCB5-47EE-B546-0B7DF60C14CA}.Debug|Any CPU.ActiveCfg = Debug|Any CPU
		{440D3A32-DCB5-47EE-B546-0B7DF60C14CA}.Debug|Any CPU.Build.0 = Debug|Any CPU
		{440D3A32-DCB5-47EE-B546-0B7DF60C14CA}.Release|Any CPU.ActiveCfg = Release|Any CPU
		{440D3A32-DCB5-47EE-B546-0B7DF60C14CA}.Release|Any CPU.Build.0 = Release|Any CPU
	EndGlobalSection
	GlobalSection(SolutionProperties) = preSolution
		HideSolutionNode = FALSE
	EndGlobalSection
	GlobalSection(ExtensibilityGlobals) = postSolution
		SolutionGuid = {84695F89-B243-43C3-A945-3A2364B008F7}
	EndGlobalSection
EndGlobal
